
Microsoft Visual Studio Solution File, Format Version 12.00
# Visual Studio Version 16
VisualStudioVersion = 16.0.30320.27
MinimumVisualStudioVersion = 10.0.40219.1
Project("{FAE04EC0-301F-11D3-BF4B-00C04F79EFBC}") = "MinimalADB", "MinimalADB\MinimalADB.csproj", "{21FA69B6-0E52-409C-8E7C-AA6883B26319}"
EndProject
Global
	GlobalSection(SolutionConfigurationPlatforms) = preSolution
		Debug|Any CPU = Debug|Any CPU
		Release|Any CPU = Release|Any CPU
	EndGlobalSection
	GlobalSection(ProjectConfigurationPlatforms) = postSolution
		{21FA69B6-0E52-409C-8E7C-AA6883B26319}.Debug|Any CPU.ActiveCfg = Debug|Any CPU
		{21FA69B6-0E52-409C-8E7C-AA6883B26319}.Debug|Any CPU.Build.0 = Debug|Any CPU
		{21FA69B6-0E52-409C-8E7C-AA6883B26319}.Release|Any CPU.ActiveCfg = Release|Any CPU
		{21FA69B6-0E52-409C-8E7C-AA6883B26319}.Release|Any CPU.Build.0 = Release|Any CPU
	EndGlobalSection
	GlobalSection(SolutionProperties) = preSolution
		HideSolutionNode = FALSE
	EndGlobalSection
	GlobalSection(ExtensibilityGlobals) = postSolution
		SolutionGuid = {4BA258D2-E368-4A54-9065-4EC084B36DED}
	EndGlobalSection
EndGlobal
